{
  "name": "diff",
  "version": "1.0.0",
  "lockfileVersion": 1,
  "requires": true,
  "dependencies": {
    "snabbdom": {
      "version": "3.0.3",
      "resolved": "https://registry.npmjs.org/snabbdom/-/snabbdom-3.0.3.tgz",
      "integrity": "sha512-+HEwNccHj1lTKx3I7vKm7La+FhhcJFJloPkmPE0pwYQFq6aZSx2SCJrUKotD/+L8kA+EHcXRmBe5Yd2LX1WlQQ==",
      "dev": true
    }
  }
}
